# @generated - this file is auto-generated by `mise lock` https://mise.en.dev/dev-tools/mise-lock.html

[[tools."cargo:nono-cli"]]
version = "0.69.0"
backend = "cargo:nono-cli"

[[tools.pnpm]]
version = "11.16.0"
backend = "aqua:pnpm/pnpm"

[tools.pnpm."platforms.linux-arm64"]
checksum = "sha256:6a4aabc26a3f8ad2f41b760f4907a54fedd0a88f0947bb56cf90fdcaff98ca80"
url = "https://github.com/pnpm/pnpm/releases/download/v11.16.0/pnpm-linux-arm64.tar.gz"
url_api = "https://api.github.com/repos/pnpm/pnpm/releases/assets/486379999"
provenance = "github-attestations"

[tools.pnpm."platforms.linux-arm64-musl"]
checksum = "sha256:ca1401d664a520b7bb6ea044ba8b0399bab9928226024615af4b3b70aa9e488c"
url = "https://github.com/pnpm/pnpm/releases/download/v11.16.0/pnpm-linux-arm64-musl.tar.gz"
url_api = "https://api.github.com/repos/pnpm/pnpm/releases/assets/486380001"
provenance = "github-attestations"

[tools.pnpm."platforms.linux-x64"]
checksum = "sha256:2abc4593a4a502a221d3bd5bbaf18c9d269e4dd7bf53d143ba6c6ee1faf9149d"
url = "https://github.com/pnpm/pnpm/releases/download/v11.16.0/pnpm-linux-x64.tar.gz"
url_api = "https://api.github.com/repos/pnpm/pnpm/releases/assets/486379995"
provenance = "github-attestations"

[tools.pnpm."platforms.linux-x64-musl"]
checksum = "sha256:8fc409e189f25563eaebde3ab6e3ddd92fe8b5b57b25b066f42c9760863f19a8"
url = "https://github.com/pnpm/pnpm/releases/download/v11.16.0/pnpm-linux-x64-musl.tar.gz"
url_api = "https://api.github.com/repos/pnpm/pnpm/releases/assets/486380002"
provenance = "github-attestations"

[tools.pnpm."platforms.macos-arm64"]
checksum = "sha256:b8c9bb892908cbb08993ebdf57df375ccb2afba791de65f5b356707fd4ecb5c7"
url = "https://github.com/pnpm/pnpm/releases/download/v11.16.0/pnpm-darwin-arm64.tar.gz"
url_api = "https://api.github.com/repos/pnpm/pnpm/releases/assets/486380005"
provenance = "github-attestations"

[tools.pnpm."platforms.windows-x64"]
checksum = "sha256:85999cd5c2d66393cc2b5a2d60110d5b4331abf71243da4a9932834195fde9fe"
url = "https://github.com/pnpm/pnpm/releases/download/v11.16.0/pnpm-win32-x64.zip"
url_api = "https://api.github.com/repos/pnpm/pnpm/releases/assets/486379998"
provenance = "github-attestations"

[[tools.rust]]
version = "1.97.1"
backend = "core:rust"
