# @generated - this file is auto-generated by `mise lock` https://mise.en.dev/dev-tools/mise-lock.html

[[tools."cargo:nono-cli"]]
version = "0.79.0"
backend = "cargo:nono-cli"

[[tools.pnpm]]
version = "12.9.0"
backend = "aqua:pnpm/pnpm"

[tools.pnpm."platforms.linux-arm64"]
checksum = "sha256:499d0fb80dcbf92f4347bbae592dfb9852c48e5f758bfe413f0f9a68a3e5afaa"
url = "https://github.com/pnpm/pnpm/releases/download/v12.9.0/pnpm-linux-arm64.tar.gz"
url_api = "https://api.github.com/repos/pnpm/pnpm/releases/assets/606603784"
provenance = "github-attestations"

[tools.pnpm."platforms.linux-arm64-musl"]
checksum = "sha256:08c25491449c3f8af4073bde2a539f7b9d4fefdd4a1d18295102f8234e624e6c"
url = "https://github.com/pnpm/pnpm/releases/download/v12.9.0/pnpm-linux-arm64-musl.tar.gz"
url_api = "https://api.github.com/repos/pnpm/pnpm/releases/assets/606603777"
provenance = "github-attestations"

[tools.pnpm."platforms.linux-x64"]
checksum = "sha256:df37180e8b3d964e08e8a6bf3bff1374dcf37108fbce1ef7ddc9b70f7cad141f"
url = "https://github.com/pnpm/pnpm/releases/download/v12.9.0/pnpm-linux-x64.tar.gz"
url_api = "https://api.github.com/repos/pnpm/pnpm/releases/assets/606603786"
provenance = "github-attestations"

[tools.pnpm."platforms.linux-x64-musl"]
checksum = "sha256:7da4f057f5d4ca655f36c0fe1c35d318052d9de00aeafdff409654088beb3858"
url = "https://github.com/pnpm/pnpm/releases/download/v12.9.0/pnpm-linux-x64-musl.tar.gz"
url_api = "https://api.github.com/repos/pnpm/pnpm/releases/assets/606603788"
provenance = "github-attestations"

[tools.pnpm."platforms.macos-arm64"]
checksum = "sha256:12d792463ed8f30cc80e6de4035c37d0d0d78ba57dfb27d8e82bf0fd24d98372"
url = "https://github.com/pnpm/pnpm/releases/download/v12.9.0/pnpm-darwin-arm64.tar.gz"
url_api = "https://api.github.com/repos/pnpm/pnpm/releases/assets/606603785"
provenance = "github-attestations"

[tools.pnpm."platforms.windows-x64"]
checksum = "sha256:37544210c8245fa6aa26e76e77c89c777e0e4b6c649071519eef31b92eae10f8"
url = "https://github.com/pnpm/pnpm/releases/download/v12.9.0/pnpm-win32-x64.zip"
url_api = "https://api.github.com/repos/pnpm/pnpm/releases/assets/606603781"
provenance = "github-attestations"

[[tools.rust]]
version = "1.99.0"
backend = "core:rust"
