# @generated - this file is auto-generated by `mise lock` https://mise.en.dev/dev-tools/mise-lock.html

[[tools."cargo:nono-cli"]]
version = "0.68.0"
backend = "cargo:nono-cli"

[[tools.pnpm]]
version = "11.14.0"
backend = "aqua:pnpm/pnpm"

[tools.pnpm."platforms.linux-arm64"]
checksum = "sha256:6ec5224012d46e96747caed6b7ea02498f56e838c68df72acd9f8de46969b1a9"
url = "https://github.com/pnpm/pnpm/releases/download/v11.14.0/pnpm-linux-arm64.tar.gz"
url_api = "https://api.github.com/repos/pnpm/pnpm/releases/assets/480872581"
provenance = "github-attestations"

[tools.pnpm."platforms.linux-arm64-musl"]
checksum = "sha256:37b6764b4d2301303fb70277c3ef4c0ee5a64eabea1c9d631ca2729b12c752e8"
url = "https://github.com/pnpm/pnpm/releases/download/v11.14.0/pnpm-linux-arm64-musl.tar.gz"
url_api = "https://api.github.com/repos/pnpm/pnpm/releases/assets/480872587"
provenance = "github-attestations"

[tools.pnpm."platforms.linux-x64"]
checksum = "sha256:d78ce4e1ebcc39c1213fcb5a8686eda5b09835195a318408a6361efbd450166d"
url = "https://github.com/pnpm/pnpm/releases/download/v11.14.0/pnpm-linux-x64.tar.gz"
url_api = "https://api.github.com/repos/pnpm/pnpm/releases/assets/480872586"
provenance = "github-attestations"

[tools.pnpm."platforms.linux-x64-musl"]
checksum = "sha256:eef0615b9b3da3d9c38196232899059c92c26e67dd62f42bb6044b40501aa5b3"
url = "https://github.com/pnpm/pnpm/releases/download/v11.14.0/pnpm-linux-x64-musl.tar.gz"
url_api = "https://api.github.com/repos/pnpm/pnpm/releases/assets/480872582"
provenance = "github-attestations"

[tools.pnpm."platforms.macos-arm64"]
checksum = "sha256:5c389e50afcf5c825e533f203f2c0cb84546ffb1fee056772489c5088d01600f"
url = "https://github.com/pnpm/pnpm/releases/download/v11.14.0/pnpm-darwin-arm64.tar.gz"
url_api = "https://api.github.com/repos/pnpm/pnpm/releases/assets/480872584"
provenance = "github-attestations"

[tools.pnpm."platforms.windows-x64"]
checksum = "sha256:3bad9a8cf971b4a223c31c2063081c4d35ce8ce503f9ca2d3ece241e966eafb9"
url = "https://github.com/pnpm/pnpm/releases/download/v11.14.0/pnpm-win32-x64.zip"
url_api = "https://api.github.com/repos/pnpm/pnpm/releases/assets/480872580"
provenance = "github-attestations"

[[tools.rust]]
version = "1.97.1"
backend = "core:rust"
